lockfileVersion: '9.0'

settings:
  autoInstallPeers: true
  excludeLinksFromLockfile: false

importers:

  .:
    dependencies:
      bun:
        specifier: ^1.3.3
        version: 1.3.3
      typescript:
        specifier: ^5
        version: 5.9.3
    devDependencies:
      '@types/bun':
        specifier: latest
        version: 1.3.3

packages:

  '@oven/bun-darwin-aarch64@1.3.3':
    resolution: {integrity: sha512-eJopQrUk0WR7jViYDC29+Rp50xGvs4GtWOXBeqCoFMzutkkO3CZvHehA4JqnjfWMTSS8toqvRhCSOpOz62Wf9w==}
    cpu: [arm64]
    os: [darwin]

  '@oven/bun-darwin-x64-baseline@1.3.3':
    resolution: {integrity: sha512-1ij4wQ9ECLFf1XFry+IFUN+28if40ozDqq6+QtuyOhIwraKzXOlAUbILhRMGvM3ED3yBex2mTwlKpA4Vja/V2g==}
    cpu: [x64]
    os: [darwin]

  '@oven/bun-darwin-x64@1.3.3':
    resolution: {integrity: sha512-xGDePueVFrNgkS+iN0QdEFeRrx2MQ5hQ9ipRFu7N73rgoSSJsFlOKKt2uGZzunczedViIfjYl0ii0K4E9aZ0Ow==}
    cpu: [x64]
    os: [darwin]

  '@oven/bun-linux-aarch64-musl@1.3.3':
    resolution: {integrity: sha512-XWQ3tV/gtZj0wn2AdSUq/tEOKWT4OY+Uww70EbODgrrq00jxuTfq5nnYP6rkLD0M/T5BHJdQRSfQYdIni9vldw==}
    cpu: [arm64]
    os: [linux]

  '@oven/bun-linux-aarch64@1.3.3':
    resolution: {integrity: sha512-DabZ3Mt1XcJneWdEEug8l7bCPVvDBRBpjUIpNnRnMFWFnzr8KBEpMcaWTwYOghjXyJdhB4MPKb19MwqyQ+FHAw==}
    cpu: [arm64]
    os: [linux]

  '@oven/bun-linux-x64-baseline@1.3.3':
    resolution: {integrity: sha512-IU8pxhIf845psOv55LqJyL+tSUc6HHMfs6FGhuJcAnyi92j+B1HjOhnFQh9MW4vjoo7do5F8AerXlvk59RGH2w==}
    cpu: [x64]
    os: [linux]

  '@oven/bun-linux-x64-musl-baseline@1.3.3':
    resolution: {integrity: sha512-JoRTPdAXRkNYouUlJqEncMWUKn/3DiWP03A7weBbtbsKr787gcdNna2YeyQKCb1lIXE4v1k18RM3gaOpQobGIQ==}
    cpu: [x64]
    os: [linux]

  '@oven/bun-linux-x64-musl@1.3.3':
    resolution: {integrity: sha512-xNSDRPn1yyObKteS8fyQogwsS4eCECswHHgaKM+/d4wy/omZQrXn8ZyGm/ZF9B73UfQytUfbhE7nEnrFq03f0w==}
    cpu: [x64]
    os: [linux]

  '@oven/bun-linux-x64@1.3.3':
    resolution: {integrity: sha512-7eIARtKZKZDtah1aCpQUj/1/zT/zHRR063J6oAxZP9AuA547j5B9OM2D/vi/F4En7Gjk9FPjgPGTSYeqpQDzJw==}
    cpu: [x64]
    os: [linux]

  '@oven/bun-windows-x64-baseline@1.3.3':
    resolution: {integrity: sha512-u5eZHKq6TPJSE282KyBOicGQ2trkFml0RoUfqkPOJVo7TXGrsGYYzdsugZRnVQY/WEmnxGtBy4T3PAaPqgQViA==}
    cpu: [x64]
    os: [win32]

  '@oven/bun-windows-x64@1.3.3':
    resolution: {integrity: sha512-kWqa1LKvDdAIzyfHxo3zGz3HFWbFHDlrNK77hKjUN42ycikvZJ+SHSX76+1OW4G8wmLETX4Jj+4BM1y01DQRIQ==}
    cpu: [x64]
    os: [win32]

  '@types/bun@1.3.3':
    resolution: {integrity: sha512-ogrKbJ2X5N0kWLLFKeytG0eHDleBYtngtlbu9cyBKFtNL3cnpDZkNdQj8flVf6WTZUX5ulI9AY1oa7ljhSrp+g==}

  '@types/node@24.10.1':
    resolution: {integrity: sha512-GNWcUTRBgIRJD5zj+Tq0fKOJ5XZajIiBroOF0yvj2bSU1WvNdYS/dn9UxwsujGW4JX06dnHyjV2y9rRaybH0iQ==}

  bun-types@1.3.3:
    resolution: {integrity: sha512-z3Xwlg7j2l9JY27x5Qn3Wlyos8YAp0kKRlrePAOjgjMGS5IG6E7Jnlx736vH9UVI4wUICwwhC9anYL++XeOgTQ==}

  bun@1.3.3:
    resolution: {integrity: sha512-2hJ4ocTZ634/Ptph4lysvO+LbbRZq8fzRvMwX0/CqaLBxrF2UB5D1LdMB8qGcdtCer4/VR9Bx5ORub0yn+yzmw==}
    cpu: [arm64, x64]
    os: [darwin, linux, win32]
    hasBin: true

  typescript@5.9.3:
    resolution: {integrity: sha512-jl1vZzPDinLr9eUt3J/t7V6FgNEw9QjvBPdysz9KfQDD41fQrC2Y4vKQdiaUpFT4bXlb1RHhLpp8wtm6M5TgSw==}
    engines: {node: '>=14.17'}
    hasBin: true

  undici-types@7.16.0:
    resolution: {integrity: sha512-Zz+aZWSj8LE6zoxD+xrjh4VfkIG8Ya6LvYkZqtUQGJPZjYl53ypCaUwWqo7eI0x66KBGeRo+mlBEkMSeSZ38Nw==}

snapshots:

  '@oven/bun-darwin-aarch64@1.3.3':
    optional: true

  '@oven/bun-darwin-x64-baseline@1.3.3':
    optional: true

  '@oven/bun-darwin-x64@1.3.3':
    optional: true

  '@oven/bun-linux-aarch64-musl@1.3.3':
    optional: true

  '@oven/bun-linux-aarch64@1.3.3':
    optional: true

  '@oven/bun-linux-x64-baseline@1.3.3':
    optional: true

  '@oven/bun-linux-x64-musl-baseline@1.3.3':
    optional: true

  '@oven/bun-linux-x64-musl@1.3.3':
    optional: true

  '@oven/bun-linux-x64@1.3.3':
    optional: true

  '@oven/bun-windows-x64-baseline@1.3.3':
    optional: true

  '@oven/bun-windows-x64@1.3.3':
    optional: true

  '@types/bun@1.3.3':
    dependencies:
      bun-types: 1.3.3

  '@types/node@24.10.1':
    dependencies:
      undici-types: 7.16.0

  bun-types@1.3.3:
    dependencies:
      '@types/node': 24.10.1

  bun@1.3.3:
    optionalDependencies:
      '@oven/bun-darwin-aarch64': 1.3.3
      '@oven/bun-darwin-x64': 1.3.3
      '@oven/bun-darwin-x64-baseline': 1.3.3
      '@oven/bun-linux-aarch64': 1.3.3
      '@oven/bun-linux-aarch64-musl': 1.3.3
      '@oven/bun-linux-x64': 1.3.3
      '@oven/bun-linux-x64-baseline': 1.3.3
      '@oven/bun-linux-x64-musl': 1.3.3
      '@oven/bun-linux-x64-musl-baseline': 1.3.3
      '@oven/bun-windows-x64': 1.3.3
      '@oven/bun-windows-x64-baseline': 1.3.3

  typescript@5.9.3: {}

  undici-types@7.16.0: {}
